
Microsoft Visual Studio Solution File, Format Version 12.00
# Visual Studio Version 17
VisualStudioVersion = 17.1.32328.378
MinimumVisualStudioVersion = 10.0.40219.1
Project("{9A19103F-16F7-4668-BE54-9A1E7A4F7556}") = "Gas_Station.Server", "Gas_Station\Server\Gas_Station.Server.csproj", "{E76F6A1B-DEA5-4F3E-98A3-9013718F39C3}"
EndProject
Project("{9A19103F-16F7-4668-BE54-9A1E7A4F7556}") = "Gas_Station.Client", "Gas_Station\Client\Gas_Station.Client.csproj", "{409606E9-84A5-4256-B475-B7674C10A896}"
EndProject
Project("{9A19103F-16F7-4668-BE54-9A1E7A4F7556}") = "Gas_Station.Shared", "Gas_Station\Shared\Gas_Station.Shared.csproj", "{00402BAC-B65E-42DE-875A-679F89120E38}"
EndProject
Project("{9A19103F-16F7-4668-BE54-9A1E7A4F7556}") = "Gas_Station.Model", "Models\Gas_Station.Model.csproj", "{A6B445C2-7E3E-4AA0-B66F-3A569E4DD22B}"
EndProject
Project("{9A19103F-16F7-4668-BE54-9A1E7A4F7556}") = "Gas_Station.EF", "Gas_Station.EF\Gas_Station.EF.csproj", "{C020AA59-5626-4303-A459-5A47C7C59F3E}"
EndProject
Global
	GlobalSection(SolutionConfigurationPlatforms) = preSolution
		Debug|Any CPU = Debug|Any CPU
		Release|Any CPU = Release|Any CPU
	EndGlobalSection
	GlobalSection(ProjectConfigurationPlatforms) = postSolution
		{E76F6A1B-DEA5-4F3E-98A3-9013718F39C3}.Debug|Any CPU.ActiveCfg = Debug|Any CPU
		{E76F6A1B-DEA5-4F3E-98A3-9013718F39C3}.Debug|Any CPU.Build.0 = Debug|Any CPU
		{E76F6A1B-DEA5-4F3E-98A3-9013718F39C3}.Release|Any CPU.ActiveCfg = Release|Any CPU
		{E76F6A1B-DEA5-4F3E-98A3-9013718F39C3}.Release|Any CPU.Build.0 = Release|Any CPU
		{409606E9-84A5-4256-B475-B7674C10A896}.Debug|Any CPU.ActiveCfg = Debug|Any CPU
		{409606E9-84A5-4256-B475-B7674C10A896}.Debug|Any CPU.Build.0 = Debug|Any CPU
		{409606E9-84A5-4256-B475-B7674C10A896}.Release|Any CPU.ActiveCfg = Release|Any CPU
		{409606E9-84A5-4256-B475-B7674C10A896}.Release|Any CPU.Build.0 = Release|Any CPU
		{00402BAC-B65E-42DE-875A-679F89120E38}.Debug|Any CPU.ActiveCfg = Debug|Any CPU
		{00402BAC-B65E-42DE-875A-679F89120E38}.Debug|Any CPU.Build.0 = Debug|Any CPU
		{00402BAC-B65E-42DE-875A-679F89120E38}.Release|Any CPU.ActiveCfg = Release|Any CPU
		{00402BAC-B65E-42DE-875A-679F89120E38}.Release|Any CPU.Build.0 = Release|Any CPU
		{A6B445C2-7E3E-4AA0-B66F-3A569E4DD22B}.Debug|Any CPU.ActiveCfg = Debug|Any CPU
		{A6B445C2-7E3E-4AA0-B66F-3A569E4DD22B}.Debug|Any CPU.Build.0 = Debug|Any CPU
		{A6B445C2-7E3E-4AA0-B66F-3A569E4DD22B}.Release|Any CPU.ActiveCfg = Release|Any CPU
		{A6B445C2-7E3E-4AA0-B66F-3A569E4DD22B}.Release|Any CPU.Build.0 = Release|Any CPU
		{C020AA59-5626-4303-A459-5A47C7C59F3E}.Debug|Any CPU.ActiveCfg = Debug|Any CPU
		{C020AA59-5626-4303-A459-5A47C7C59F3E}.Debug|Any CPU.Build.0 = Debug|Any CPU
		{C020AA59-5626-4303-A459-5A47C7C59F3E}.Release|Any CPU.ActiveCfg = Release|Any CPU
		{C020AA59-5626-4303-A459-5A47C7C59F3E}.Release|Any CPU.Build.0 = Release|Any CPU
	EndGlobalSection
	GlobalSection(SolutionProperties) = preSolution
		HideSolutionNode = FALSE
	EndGlobalSection
	GlobalSection(ExtensibilityGlobals) = postSolution
		SolutionGuid = {E433682E-9C50-4156-A2C7-4325B51EDE6D}
	EndGlobalSection
EndGlobal
